
Microsoft Visual Studio Solution File, Format Version 12.00
# Visual Studio Version 17
VisualStudioVersion = 17.8.34525.116
MinimumVisualStudioVersion = 10.0.40219.1
Project("{8BC9CEB8-8B4A-11D0-8D11-00A0C91BC942}") = "MMO_TCPFighter", "MMO_TCPFighter\MMO_TCPFighter.vcxproj", "{E350DDC3-CEBC-48DC-92F5-CB6E31798D69}"
EndProject
Global
	GlobalSection(SolutionConfigurationPlatforms) = preSolution
		Debug|x64 = Debug|x64
		Debug|x86 = Debug|x86
		Release|x64 = Release|x64
		Release|x86 = Release|x86
	EndGlobalSection
	GlobalSection(ProjectConfigurationPlatforms) = postSolution
		{E350DDC3-CEBC-48DC-92F5-CB6E31798D69}.Debug|x64.ActiveCfg = Debug|x64
		{E350DDC3-CEBC-48DC-92F5-CB6E31798D69}.Debug|x64.Build.0 = Debug|x64
		{E350DDC3-CEBC-48DC-92F5-CB6E31798D69}.Debug|x86.ActiveCfg = Debug|Win32
		{E350DDC3-CEBC-48DC-92F5-CB6E31798D69}.Debug|x86.Build.0 = Debug|Win32
		{E350DDC3-CEBC-48DC-92F5-CB6E31798D69}.Release|x64.ActiveCfg = Release|x64
		{E350DDC3-CEBC-48DC-92F5-CB6E31798D69}.Release|x64.Build.0 = Release|x64
		{E350DDC3-CEBC-48DC-92F5-CB6E31798D69}.Release|x86.ActiveCfg = Release|Win32
		{E350DDC3-CEBC-48DC-92F5-CB6E31798D69}.Release|x86.Build.0 = Release|Win32
	EndGlobalSection
	GlobalSection(SolutionProperties) = preSolution
		HideSolutionNode = FALSE
	EndGlobalSection
	GlobalSection(ExtensibilityGlobals) = postSolution
		SolutionGuid = {F97E464C-D243-487F-99F2-2B404F33D832}
	EndGlobalSection
EndGlobal
