<?xml version="1.0" encoding="utf-8"?>
<Project ToolsVersion="4.0" xmlns="http://schemas.microsoft.com/developer/msbuild/2003">
  <ItemGroup>
    <Filter Include="Network">
      <UniqueIdentifier>{892b5e3f-1889-4ad6-a28c-eed964b8be75}</UniqueIdentifier>
    </Filter>
    <Filter Include="Etc">
      <UniqueIdentifier>{9f56f6f2-d177-47af-8536-b72d9395235a}</UniqueIdentifier>
    </Filter>
    <Filter Include="Main">
      <UniqueIdentifier>{6172f4b5-b5df-4088-85b7-09a6ae680191}</UniqueIdentifier>
    </Filter>
    <Filter Include="Game">
      <UniqueIdentifier>{a79ea58d-6851-4b77-9e00-9fd8b9aa3af6}</UniqueIdentifier>
    </Filter>
  </ItemGroup>
  <ItemGroup>
    <ClCompile Include="Main.cpp">
      <Filter>Main</Filter>
    </ClCompile>
    <ClCompile Include="NetworkManager.cpp">
      <Filter>Network</Filter>
    </ClCompile>
    <ClCompile Include="Session.cpp">
      <Filter>Network</Filter>
    </ClCompile>
    <ClCompile Include="Player.cpp">
      <Filter>Game</Filter>
    </ClCompile>
    <ClCompile Include="RingBuffer.cpp">
      <Filter>Network</Filter>
    </ClCompile>
    <ClCompile Include="Packet.cpp">
      <Filter>Network</Filter>
    </ClCompile>
    <ClCompile Include="pch.cpp">
      <Filter>Etc</Filter>
    </ClCompile>
    <ClCompile Include="ProcessPacket.cpp">
      <Filter>Network</Filter>
    </ClCompile>
    <ClCompile Include="GenPacket.cpp">
      <Filter>Network</Filter>
    </ClCompile>
    <ClCompile Include="GameLogic.cpp">
      <Filter>Game</Filter>
    </ClCompile>
  </ItemGroup>
  <ItemGroup>
    <ClInclude Include="NetworkManager.h">
      <Filter>Network</Filter>
    </ClInclude>
    <ClInclude Include="Define.h">
      <Filter>Etc</Filter>
    </ClInclude>
    <ClInclude Include="Session.h">
      <Filter>Network</Filter>
    </ClInclude>
    <ClInclude Include="Player.h">
      <Filter>Game</Filter>
    </ClInclude>
    <ClInclude Include="RingBuffer.h">
      <Filter>Network</Filter>
    </ClInclude>
    <ClInclude Include="pch.h">
      <Filter>Etc</Filter>
    </ClInclude>
    <ClInclude Include="Packet.h">
      <Filter>Network</Filter>
    </ClInclude>
    <ClInclude Include="ProcessPacket.h">
      <Filter>Network</Filter>
    </ClInclude>
    <ClInclude Include="GenPacket.h">
      <Filter>Network</Filter>
    </ClInclude>
    <ClInclude Include="GameLogic.h">
      <Filter>Game</Filter>
    </ClInclude>
  </ItemGroup>
</Project>