<?xml version="1.0" encoding="utf-8"?>
<Project ToolsVersion="4.0" xmlns="http://schemas.microsoft.com/developer/msbuild/2003">
  <ItemGroup>
    <ClCompile Include="Main.cpp" />
    <ClCompile Include="Console.cpp">
      <Filter>Util</Filter>
    </ClCompile>
    <ClCompile Include="Core.cpp">
      <Filter>Engine</Filter>
    </ClCompile>
    <ClCompile Include="Player.cpp">
      <Filter>Object</Filter>
    </ClCompile>
    <ClCompile Include="Enemy.cpp">
      <Filter>Object</Filter>
    </ClCompile>
    <ClCompile Include="Missile.cpp">
      <Filter>Object</Filter>
    </ClCompile>
    <ClCompile Include="KeyManager.cpp">
      <Filter>Manager</Filter>
    </ClCompile>
    <ClCompile Include="SceneManager.cpp">
      <Filter>Manager</Filter>
    </ClCompile>
    <ClCompile Include="TimeManager.cpp">
      <Filter>Manager</Filter>
    </ClCompile>
    <ClCompile Include="FileLoader.cpp">
      <Filter>Util</Filter>
    </ClCompile>
    <ClCompile Include="pch.cpp">
      <Filter>Util</Filter>
    </ClCompile>
    <ClCompile Include="StageInfo.cpp">
      <Filter>Stage</Filter>
    </ClCompile>
  </ItemGroup>
  <ItemGroup>
    <ClInclude Include="Console.h">
      <Filter>Util</Filter>
    </ClInclude>
    <ClInclude Include="Core.h">
      <Filter>Engine</Filter>
    </ClInclude>
    <ClInclude Include="Player.h">
      <Filter>Object</Filter>
    </ClInclude>
    <ClInclude Include="Enemy.h">
      <Filter>Object</Filter>
    </ClInclude>
    <ClInclude Include="Missile.h">
      <Filter>Object</Filter>
    </ClInclude>
    <ClInclude Include="TimeManager.h">
      <Filter>Manager</Filter>
    </ClInclude>
    <ClInclude Include="KeyManager.h">
      <Filter>Manager</Filter>
    </ClInclude>
    <ClInclude Include="SceneManager.h">
      <Filter>Manager</Filter>
    </ClInclude>
    <ClInclude Include="FileLoader.h">
      <Filter>Util</Filter>
    </ClInclude>
    <ClInclude Include="Define.h">
      <Filter>Define</Filter>
    </ClInclude>
    <ClInclude Include="GameSetting.h">
      <Filter>Define</Filter>
    </ClInclude>
    <ClInclude Include="pch.h">
      <Filter>Util</Filter>
    </ClInclude>
    <ClInclude Include="StageInfo.h">
      <Filter>Stage</Filter>
    </ClInclude>
  </ItemGroup>
  <ItemGroup>
    <Filter Include="Util">
      <UniqueIdentifier>{5601312a-0c3d-4c93-bec6-08c17c4b9ee8}</UniqueIdentifier>
    </Filter>
    <Filter Include="Engine">
      <UniqueIdentifier>{dc4d2ec7-a1db-4c11-a794-458c89f22886}</UniqueIdentifier>
    </Filter>
    <Filter Include="Object">
      <UniqueIdentifier>{6a9b281b-a87f-4ce6-ac04-0f103decf03d}</UniqueIdentifier>
    </Filter>
    <Filter Include="Manager">
      <UniqueIdentifier>{24ab3354-03e4-455c-94e6-dc74e4383eba}</UniqueIdentifier>
    </Filter>
    <Filter Include="Define">
      <UniqueIdentifier>{ecfecb0c-f573-4cf1-b1d6-1242a18446b9}</UniqueIdentifier>
    </Filter>
    <Filter Include="Stage">
      <UniqueIdentifier>{cd347180-2cc9-4fd1-9d38-05a2bda78051}</UniqueIdentifier>
    </Filter>
  </ItemGroup>
</Project>