
Microsoft Visual Studio Solution File, Format Version 12.00
# Visual Studio Version 17
VisualStudioVersion = 17.8.34525.116
MinimumVisualStudioVersion = 10.0.40219.1
Project("{8BC9CEB8-8B4A-11D0-8D11-00A0C91BC942}") = "RingBuffer", "RingBuffer\RingBuffer.vcxproj", "{66423FC6-FE61-4C27-A59E-59245A709F76}"
EndProject
Global
	GlobalSection(SolutionConfigurationPlatforms) = preSolution
		Debug|x64 = Debug|x64
		Debug|x86 = Debug|x86
		Release|x64 = Release|x64
		Release|x86 = Release|x86
	EndGlobalSection
	GlobalSection(ProjectConfigurationPlatforms) = postSolution
		{66423FC6-FE61-4C27-A59E-59245A709F76}.Debug|x64.ActiveCfg = Debug|x64
		{66423FC6-FE61-4C27-A59E-59245A709F76}.Debug|x64.Build.0 = Debug|x64
		{66423FC6-FE61-4C27-A59E-59245A709F76}.Debug|x86.ActiveCfg = Debug|Win32
		{66423FC6-FE61-4C27-A59E-59245A709F76}.Debug|x86.Build.0 = Debug|Win32
		{66423FC6-FE61-4C27-A59E-59245A709F76}.Release|x64.ActiveCfg = Release|x64
		{66423FC6-FE61-4C27-A59E-59245A709F76}.Release|x64.Build.0 = Release|x64
		{66423FC6-FE61-4C27-A59E-59245A709F76}.Release|x86.ActiveCfg = Release|Win32
		{66423FC6-FE61-4C27-A59E-59245A709F76}.Release|x86.Build.0 = Release|Win32
	EndGlobalSection
	GlobalSection(SolutionProperties) = preSolution
		HideSolutionNode = FALSE
	EndGlobalSection
	GlobalSection(ExtensibilityGlobals) = postSolution
		SolutionGuid = {4444115B-9B8A-47FD-A97F-45F97E51BC56}
	EndGlobalSection
EndGlobal
