
Microsoft Visual Studio Solution File, Format Version 12.00
# Visual Studio Version 17
VisualStudioVersion = 17.8.34330.188
MinimumVisualStudioVersion = 10.0.40219.1
Project("{8BC9CEB8-8B4A-11D0-8D11-00A0C91BC942}") = "01BIT", "01BIT\01BIT.vcxproj", "{BF980E3E-E255-4F37-A57B-50EC4F55D4E0}"
EndProject
Project("{8BC9CEB8-8B4A-11D0-8D11-00A0C91BC942}") = "02BIT", "02BIT\02BIT.vcxproj", "{D884420C-31DF-4D28-8B2C-FA16D6D03D1F}"
EndProject
Project("{8BC9CEB8-8B4A-11D0-8D11-00A0C91BC942}") = "03BIT", "03BIT\03BIT.vcxproj", "{2C0B1E86-117F-4028-810C-44A4AD7BEBF4}"
EndProject
Project("{8BC9CEB8-8B4A-11D0-8D11-00A0C91BC942}") = "04C_Style_String", "04C_Style_String\04C_Style_String.vcxproj", "{864E0BEE-EA8D-41E8-8C55-7E2B4D62E0FD}"
EndProject
Project("{8BC9CEB8-8B4A-11D0-8D11-00A0C91BC942}") = "05BytePadding", "05BytePadding\05BytePadding.vcxproj", "{9AC0A9C9-F5B8-485E-B182-32C34EE8CE58}"
EndProject
Global
	GlobalSection(SolutionConfigurationPlatforms) = preSolution
		Debug|x64 = Debug|x64
		Debug|x86 = Debug|x86
		Release|x64 = Release|x64
		Release|x86 = Release|x86
	EndGlobalSection
	GlobalSection(ProjectConfigurationPlatforms) = postSolution
		{BF980E3E-E255-4F37-A57B-50EC4F55D4E0}.Debug|x64.ActiveCfg = Debug|x64
		{BF980E3E-E255-4F37-A57B-50EC4F55D4E0}.Debug|x64.Build.0 = Debug|x64
		{BF980E3E-E255-4F37-A57B-50EC4F55D4E0}.Debug|x86.ActiveCfg = Debug|Win32
		{BF980E3E-E255-4F37-A57B-50EC4F55D4E0}.Debug|x86.Build.0 = Debug|Win32
		{BF980E3E-E255-4F37-A57B-50EC4F55D4E0}.Release|x64.ActiveCfg = Release|x64
		{BF980E3E-E255-4F37-A57B-50EC4F55D4E0}.Release|x64.Build.0 = Release|x64
		{BF980E3E-E255-4F37-A57B-50EC4F55D4E0}.Release|x86.ActiveCfg = Release|Win32
		{BF980E3E-E255-4F37-A57B-50EC4F55D4E0}.Release|x86.Build.0 = Release|Win32
		{D884420C-31DF-4D28-8B2C-FA16D6D03D1F}.Debug|x64.ActiveCfg = Debug|x64
		{D884420C-31DF-4D28-8B2C-FA16D6D03D1F}.Debug|x64.Build.0 = Debug|x64
		{D884420C-31DF-4D28-8B2C-FA16D6D03D1F}.Debug|x86.ActiveCfg = Debug|Win32
		{D884420C-31DF-4D28-8B2C-FA16D6D03D1F}.Debug|x86.Build.0 = Debug|Win32
		{D884420C-31DF-4D28-8B2C-FA16D6D03D1F}.Release|x64.ActiveCfg = Release|x64
		{D884420C-31DF-4D28-8B2C-FA16D6D03D1F}.Release|x64.Build.0 = Release|x64
		{D884420C-31DF-4D28-8B2C-FA16D6D03D1F}.Release|x86.ActiveCfg = Release|Win32
		{D884420C-31DF-4D28-8B2C-FA16D6D03D1F}.Release|x86.Build.0 = Release|Win32
		{2C0B1E86-117F-4028-810C-44A4AD7BEBF4}.Debug|x64.ActiveCfg = Debug|x64
		{2C0B1E86-117F-4028-810C-44A4AD7BEBF4}.Debug|x64.Build.0 = Debug|x64
		{2C0B1E86-117F-4028-810C-44A4AD7BEBF4}.Debug|x86.ActiveCfg = Debug|Win32
		{2C0B1E86-117F-4028-810C-44A4AD7BEBF4}.Debug|x86.Build.0 = Debug|Win32
		{2C0B1E86-117F-4028-810C-44A4AD7BEBF4}.Release|x64.ActiveCfg = Release|x64
		{2C0B1E86-117F-4028-810C-44A4AD7BEBF4}.Release|x64.Build.0 = Release|x64
		{2C0B1E86-117F-4028-810C-44A4AD7BEBF4}.Release|x86.ActiveCfg = Release|Win32
		{2C0B1E86-117F-4028-810C-44A4AD7BEBF4}.Release|x86.Build.0 = Release|Win32
		{864E0BEE-EA8D-41E8-8C55-7E2B4D62E0FD}.Debug|x64.ActiveCfg = Debug|x64
		{864E0BEE-EA8D-41E8-8C55-7E2B4D62E0FD}.Debug|x64.Build.0 = Debug|x64
		{864E0BEE-EA8D-41E8-8C55-7E2B4D62E0FD}.Debug|x86.ActiveCfg = Debug|Win32
		{864E0BEE-EA8D-41E8-8C55-7E2B4D62E0FD}.Debug|x86.Build.0 = Debug|Win32
		{864E0BEE-EA8D-41E8-8C55-7E2B4D62E0FD}.Release|x64.ActiveCfg = Release|x64
		{864E0BEE-EA8D-41E8-8C55-7E2B4D62E0FD}.Release|x64.Build.0 = Release|x64
		{864E0BEE-EA8D-41E8-8C55-7E2B4D62E0FD}.Release|x86.ActiveCfg = Release|Win32
		{864E0BEE-EA8D-41E8-8C55-7E2B4D62E0FD}.Release|x86.Build.0 = Release|Win32
		{9AC0A9C9-F5B8-485E-B182-32C34EE8CE58}.Debug|x64.ActiveCfg = Debug|x64
		{9AC0A9C9-F5B8-485E-B182-32C34EE8CE58}.Debug|x64.Build.0 = Debug|x64
		{9AC0A9C9-F5B8-485E-B182-32C34EE8CE58}.Debug|x86.ActiveCfg = Debug|Win32
		{9AC0A9C9-F5B8-485E-B182-32C34EE8CE58}.Debug|x86.Build.0 = Debug|Win32
		{9AC0A9C9-F5B8-485E-B182-32C34EE8CE58}.Release|x64.ActiveCfg = Release|x64
		{9AC0A9C9-F5B8-485E-B182-32C34EE8CE58}.Release|x64.Build.0 = Release|x64
		{9AC0A9C9-F5B8-485E-B182-32C34EE8CE58}.Release|x86.ActiveCfg = Release|Win32
		{9AC0A9C9-F5B8-485E-B182-32C34EE8CE58}.Release|x86.Build.0 = Release|Win32
	EndGlobalSection
	GlobalSection(SolutionProperties) = preSolution
		HideSolutionNode = FALSE
	EndGlobalSection
	GlobalSection(ExtensibilityGlobals) = postSolution
		SolutionGuid = {7924FA5C-31B8-426E-9A9E-33BFB13FA697}
	EndGlobalSection
EndGlobal
